// !$*UTF8*$!
{
	archiveVersion = 1;
	classes = {
	};
	objectVersion = 46;
	objects = {

/* Begin PBXBuildFile section */
		520059BC1F702EEC009EAE49 /* NumberTheoryAndAlgebra.pdf in Resources */ = {isa = PBXBuildFile; fileRef = 520059BA1F702EEC009EAE49 /* NumberTheoryAndAlgebra.pdf */; };
		520059BD1F702EEC009EAE49 /* FinancialAccounting.pdf in Resources */ = {isa = PBXBuildFile; fileRef = 520059BB1F702EEC009EAE49 /* FinancialAccounting.pdf */; };
		5241C0A91F2926ED00381ED3 /* Linear Regression Using R- An Introduction to Data Modeling.pdf in Resources */ = {isa = PBXBuildFile; fileRef = 5241C0A81F2926ED00381ED3 /* Linear Regression Using R- An Introduction to Data Modeling.pdf */; };
		5260D07C1F279E390050E849 /* compressed.tracemonkey-pldi-09.pdf in Resources */ = {isa = PBXBuildFile; fileRef = 5260D07B1F279E390050E849 /* compressed.tracemonkey-pldi-09.pdf */; };
		529358B61F1D17B800A51163 /* build in Resources */ = {isa = PBXBuildFile; fileRef = 529358B51F1D17B800A51163 /* build */; };
		529358B81F1D180F00A51163 /* web in Resources */ = {isa = PBXBuildFile; fileRef = 529358B71F1D180F00A51163 /* web */; };
		529358BA1F1D5AD500A51163 /* pdf.js-dist in Resources */ = {isa = PBXBuildFile; fileRef = 529358B91F1D5AD500A51163 /* pdf.js-dist */; };
		52EE7E741F16AB2000429D5A /* WebKit.framework in Frameworks */ = {isa = PBXBuildFile; fileRef = 52EE7E731F16AB2000429D5A /* WebKit.framework */; };
		52F439D81F1585A20063DCF2 /* AppDelegate.swift in Sources */ = {isa = PBXBuildFile; fileRef = 52F439D71F1585A20063DCF2 /* AppDelegate.swift */; };
		52F439DA1F1585A20063DCF2 /* ViewController.swift in Sources */ = {isa = PBXBuildFile; fileRef = 52F439D91F1585A20063DCF2 /* ViewController.swift */; };
		52F439DD1F1585A20063DCF2 /* Main.storyboard in Resources */ = {isa = PBXBuildFile; fileRef = 52F439DB1F1585A20063DCF2 /* Main.storyboard */; };
		52F439DF1F1585A20063DCF2 /* Assets.xcassets in Resources */ = {isa = PBXBuildFile; fileRef = 52F439DE1F1585A20063DCF2 /* Assets.xcassets */; };
		52F439E21F1585A20063DCF2 /* LaunchScreen.storyboard in Resources */ = {isa = PBXBuildFile; fileRef = 52F439E01F1585A20063DCF2 /* LaunchScreen.storyboard */; };
/* End PBXBuildFile section */

/* Begin PBXFileReference section */
		520059BA1F702EEC009EAE49 /* NumberTheoryAndAlgebra.pdf */ = {isa = PBXFileReference; lastKnownFileType = image.pdf; path = NumberTheoryAndAlgebra.pdf; sourceTree = "<group>"; };
		520059BB1F702EEC009EAE49 /* FinancialAccounting.pdf */ = {isa = PBXFileReference; lastKnownFileType = image.pdf; path = FinancialAccounting.pdf; sourceTree = "<group>"; };
		5241C0A81F2926ED00381ED3 /* Linear Regression Using R- An Introduction to Data Modeling.pdf */ = {isa = PBXFileReference; lastKnownFileType = image.pdf; path = "Linear Regression Using R- An Introduction to Data Modeling.pdf"; sourceTree = "<group>"; };
		5260D07B1F279E390050E849 /* compressed.tracemonkey-pldi-09.pdf */ = {isa = PBXFileReference; lastKnownFileType = image.pdf; name = "compressed.tracemonkey-pldi-09.pdf"; path = "web/compressed.tracemonkey-pldi-09.pdf"; sourceTree = "<group>"; };
		529358B51F1D17B800A51163 /* build */ = {isa = PBXFileReference; lastKnownFileType = folder; path = build; sourceTree = "<group>"; };
		529358B71F1D180F00A51163 /* web */ = {isa = PBXFileReference; lastKnownFileType = folder; path = web; sourceTree = "<group>"; };
		529358B91F1D5AD500A51163 /* pdf.js-dist */ = {isa = PBXFileReference; lastKnownFileType = folder; path = "pdf.js-dist"; sourceTree = "<group>"; };
		52EE7E731F16AB2000429D5A /* WebKit.framework */ = {isa = PBXFileReference; lastKnownFileType = wrapper.framework; name = WebKit.framework; path = System/Library/Frameworks/WebKit.framework; sourceTree = SDKROOT; };
		52F439D41F1585A20063DCF2 /* PDFJSTest.app */ = {isa = PBXFileReference; explicitFileType = wrapper.application; includeInIndex = 0; path = PDFJSTest.app; sourceTree = BUILT_PRODUCTS_DIR; };
		52F439D71F1585A20063DCF2 /* AppDelegate.swift */ = {isa = PBXFileReference; lastKnownFileType = sourcecode.swift; path = AppDelegate.swift; sourceTree = "<group>"; };
		52F439D91F1585A20063DCF2 /* ViewController.swift */ = {isa = PBXFileReference; lastKnownFileType = sourcecode.swift; path = ViewController.swift; sourceTree = "<group>"; };
		52F439DC1F1585A20063DCF2 /* Base */ = {isa = PBXFileReference; lastKnownFileType = file.storyboard; name = Base; path = Base.lproj/Main.storyboard; sourceTree = "<group>"; };
		52F439DE1F1585A20063DCF2 /* Assets.xcassets */ = {isa = PBXFileReference; lastKnownFileType = folder.assetcatalog; path = Assets.xcassets; sourceTree = "<group>"; };
		52F439E11F1585A20063DCF2 /* Base */ = {isa = PBXFileReference; lastKnownFileType = file.storyboard; name = Base; path = Base.lproj/LaunchScreen.storyboard; sourceTree = "<group>"; };
		52F439E31F1585A20063DCF2 /* Info.plist */ = {isa = PBXFileReference; lastKnownFileType = text.plist.xml; path = Info.plist; sourceTree = "<group>"; };
/* End PBXFileReference section */

/* Begin PBXFrameworksBuildPhase section */
		52F439D11F1585A20063DCF2 /* Frameworks */ = {
			isa = PBXFrameworksBuildPhase;
			buildActionMask = 2147483647;
			files = (
				52EE7E741F16AB2000429D5A /* WebKit.framework in Frameworks */,
			);
			runOnlyForDeploymentPostprocessing = 0;
		};
/* End PBXFrameworksBuildPhase section */

/* Begin PBXGroup section */
		52EE7E721F16AB2000429D5A /* Frameworks */ = {
			isa = PBXGroup;
			children = (
				52EE7E731F16AB2000429D5A /* WebKit.framework */,
			);
			name = Frameworks;
			sourceTree = "<group>";
		};
		52F439CB1F1585A20063DCF2 = {
			isa = PBXGroup;
			children = (
				52F439D61F1585A20063DCF2 /* PDFJSTest */,
				52F439D51F1585A20063DCF2 /* Products */,
				52EE7E721F16AB2000429D5A /* Frameworks */,
			);
			sourceTree = "<group>";
		};
		52F439D51F1585A20063DCF2 /* Products */ = {
			isa = PBXGroup;
			children = (
				52F439D41F1585A20063DCF2 /* PDFJSTest.app */,
			);
			name = Products;
			sourceTree = "<group>";
		};
		52F439D61F1585A20063DCF2 /* PDFJSTest */ = {
			isa = PBXGroup;
			children = (
				520059BA1F702EEC009EAE49 /* NumberTheoryAndAlgebra.pdf */,
				520059BB1F702EEC009EAE49 /* FinancialAccounting.pdf */,
				5241C0A81F2926ED00381ED3 /* Linear Regression Using R- An Introduction to Data Modeling.pdf */,
				5260D07B1F279E390050E849 /* compressed.tracemonkey-pldi-09.pdf */,
				529358B91F1D5AD500A51163 /* pdf.js-dist */,
				529358B71F1D180F00A51163 /* web */,
				529358B51F1D17B800A51163 /* build */,
				52F439D71F1585A20063DCF2 /* AppDelegate.swift */,
				52F439D91F1585A20063DCF2 /* ViewController.swift */,
				52F439DB1F1585A20063DCF2 /* Main.storyboard */,
				52F439DE1F1585A20063DCF2 /* Assets.xcassets */,
				52F439E31F1585A20063DCF2 /* Info.plist */,
				52F439E01F1585A20063DCF2 /* LaunchScreen.storyboard */,
			);
			path = PDFJSTest;
			sourceTree = "<group>";
		};
/* End PBXGroup section */

/* Begin PBXNativeTarget section */
		52F439D31F1585A20063DCF2 /* PDFJSTest */ = {
			isa = PBXNativeTarget;
			buildConfigurationList = 52F439E61F1585A20063DCF2 /* Build configuration list for PBXNativeTarget "PDFJSTest" */;
			buildPhases = (
				52F439D01F1585A20063DCF2 /* Sources */,
				52F439D11F1585A20063DCF2 /* Frameworks */,
				52F439D21F1585A20063DCF2 /* Resources */,
			);
			buildRules = (
			);
			dependencies = (
			);
			name = PDFJSTest;
			productName = PDFJSTest;
			productReference = 52F439D41F1585A20063DCF2 /* PDFJSTest.app */;
			productType = "com.apple.product-type.application";
		};
/* End PBXNativeTarget section */

/* Begin PBXProject section */
		52F439CC1F1585A20063DCF2 /* Project object */ = {
			isa = PBXProject;
			attributes = {
				LastSwiftUpdateCheck = 0830;
				LastUpgradeCheck = 0830;
				ORGANIZATIONNAME = "Sunfish Empire";
				TargetAttributes = {
					52F439D31F1585A20063DCF2 = {
						CreatedOnToolsVersion = 8.3.2;
						DevelopmentTeam = K97KHP3ZWG;
						ProvisioningStyle = Automatic;
					};
				};
			};
			buildConfigurationList = 52F439CF1F1585A20063DCF2 /* Build configuration list for PBXProject "PDFJSTest" */;
			compatibilityVersion = "Xcode 3.2";
			developmentRegion = English;
			hasScannedForEncodings = 0;
			knownRegions = (
				en,
				Base,
			);
			mainGroup = 52F439CB1F1585A20063DCF2;
			productRefGroup = 52F439D51F1585A20063DCF2 /* Products */;
			projectDirPath = "";
			projectRoot = "";
			targets = (
				52F439D31F1585A20063DCF2 /* PDFJSTest */,
			);
		};
/* End PBXProject section */

/* Begin PBXResourcesBuildPhase section */
		52F439D21F1585A20063DCF2 /* Resources */ = {
			isa = PBXResourcesBuildPhase;
			buildActionMask = 2147483647;
			files = (
				529358B61F1D17B800A51163 /* build in Resources */,
				52F439E21F1585A20063DCF2 /* LaunchScreen.storyboard in Resources */,
				529358B81F1D180F00A51163 /* web in Resources */,
				520059BD1F702EEC009EAE49 /* FinancialAccounting.pdf in Resources */,
				529358BA1F1D5AD500A51163 /* pdf.js-dist in Resources */,
				5260D07C1F279E390050E849 /* compressed.tracemonkey-pldi-09.pdf in Resources */,
				520059BC1F702EEC009EAE49 /* NumberTheoryAndAlgebra.pdf in Resources */,
				5241C0A91F2926ED00381ED3 /* Linear Regression Using R- An Introduction to Data Modeling.pdf in Resources */,
				52F439DF1F1585A20063DCF2 /* Assets.xcassets in Resources */,
				52F439DD1F1585A20063DCF2 /* Main.storyboard in Resources */,
			);
			runOnlyForDeploymentPostprocessing = 0;
		};
/* End PBXResourcesBuildPhase section */

/* Begin PBXSourcesBuildPhase section */
		52F439D01F1585A20063DCF2 /* Sources */ = {
			isa = PBXSourcesBuildPhase;
			buildActionMask = 2147483647;
			files = (
				52F439DA1F1585A20063DCF2 /* ViewController.swift in Sources */,
				52F439D81F1585A20063DCF2 /* AppDelegate.swift in Sources */,
			);
			runOnlyForDeploymentPostprocessing = 0;
		};
/* End PBXSourcesBuildPhase section */

/* Begin PBXVariantGroup section */
		52F439DB1F1585A20063DCF2 /* Main.storyboard */ = {
			isa = PBXVariantGroup;
			children = (
				52F439DC1F1585A20063DCF2 /* Base */,
			);
			name = Main.storyboard;
			sourceTree = "<group>";
		};
		52F439E01F1585A20063DCF2 /* LaunchScreen.storyboard */ = {
			isa = PBXVariantGroup;
			children = (
				52F439E11F1585A20063DCF2 /* Base */,
			);
			name = LaunchScreen.storyboard;
			sourceTree = "<group>";
		};
/* End PBXVariantGroup section */

/* Begin XCBuildConfiguration section */
		52F439E41F1585A20063DCF2 /* Debug */ = {
			isa = XCBuildConfiguration;
			buildSettings = {
				ALWAYS_SEARCH_USER_PATHS = NO;
				CLANG_ANALYZER_NONNULL = YES;
				CLANG_ANALYZER_NUMBER_OBJECT_CONVERSION = YES_AGGRESSIVE;
				CLANG_CXX_LANGUAGE_STANDARD = "gnu++0x";
				CLANG_CXX_LIBRARY = "libc++";
				CLANG_ENABLE_MODULES = YES;
				CLANG_ENABLE_OBJC_ARC = YES;
				CLANG_WARN_BOOL_CONVERSION = YES;
				CLANG_WARN_CONSTANT_CONVERSION = YES;
				CLANG_WARN_DIRECT_OBJC_ISA_USAGE = YES_ERROR;
				CLANG_WARN_DOCUMENTATION_COMMENTS = YES;
				CLANG_WARN_EMPTY_BODY = YES;
				CLANG_WARN_ENUM_CONVERSION = YES;
				CLANG_WARN_INFINITE_RECURSION = YES;
				CLANG_WARN_INT_CONVERSION = YES;
				CLANG_WARN_OBJC_ROOT_CLASS = YES_ERROR;
				CLANG_WARN_SUSPICIOUS_MOVE = YES;
				CLANG_WARN_UNREACHABLE_CODE = YES;
				CLANG_WARN__DUPLICATE_METHOD_MATCH = YES;
				"CODE_SIGN_IDENTITY[sdk=iphoneos*]" = "iPhone Developer";
				COPY_PHASE_STRIP = NO;
				DEBUG_INFORMATION_FORMAT = dwarf;
				ENABLE_STRICT_OBJC_MSGSEND = YES;
				ENABLE_TESTABILITY = YES;
				GCC_C_LANGUAGE_STANDARD = gnu99;
				GCC_DYNAMIC_NO_PIC = NO;
				GCC_NO_COMMON_BLOCKS = YES;
				GCC_OPTIMIZATION_LEVEL = 0;
				GCC_PREPROCESSOR_DEFINITIONS = (
					"DEBUG=1",
					"$(inherited)",
				);
				GCC_WARN_64_TO_32_BIT_CONVERSION = YES;
				GCC_WARN_ABOUT_RETURN_TYPE = YES_ERROR;
				GCC_WARN_UNDECLARED_SELECTOR = YES;
				GCC_WARN_UNINITIALIZED_AUTOS = YES_AGGRESSIVE;
				GCC_WARN_UNUSED_FUNCTION = YES;
				GCC_WARN_UNUSED_VARIABLE = YES;
				IPHONEOS_DEPLOYMENT_TARGET = 10.3;
				MTL_ENABLE_DEBUG_INFO = YES;
				ONLY_ACTIVE_ARCH = YES;
				SDKROOT = iphoneos;
				SWIFT_ACTIVE_COMPILATION_CONDITIONS = DEBUG;
				SWIFT_OPTIMIZATION_LEVEL = "-Onone";
			};
			name = Debug;
		};
		52F439E51F1585A20063DCF2 /* Release */ = {
			isa = XCBuildConfiguration;
			buildSettings = {
				ALWAYS_SEARCH_USER_PATHS = NO;
				CLANG_ANALYZER_NONNULL = YES;
				CLANG_ANALYZER_NUMBER_OBJECT_CONVERSION = YES_AGGRESSIVE;
				CLANG_CXX_LANGUAGE_STANDARD = "gnu++0x";
				CLANG_CXX_LIBRARY = "libc++";
				CLANG_ENABLE_MODULES = YES;
				CLANG_ENABLE_OBJC_ARC = YES;
				CLANG_WARN_BOOL_CONVERSION = YES;
				CLANG_WARN_CONSTANT_CONVERSION = YES;
				CLANG_WARN_DIRECT_OBJC_ISA_USAGE = YES_ERROR;
				CLANG_WARN_DOCUMENTATION_COMMENTS = YES;
				CLANG_WARN_EMPTY_BODY = YES;
				CLANG_WARN_ENUM_CONVERSION = YES;
				CLANG_WARN_INFINITE_RECURSION = YES;
				CLANG_WARN_INT_CONVERSION = YES;
				CLANG_WARN_OBJC_ROOT_CLASS = YES_ERROR;
				CLANG_WARN_SUSPICIOUS_MOVE = YES;
				CLANG_WARN_UNREACHABLE_CODE = YES;
				CLANG_WARN__DUPLICATE_METHOD_MATCH = YES;
				"CODE_SIGN_IDENTITY[sdk=iphoneos*]" = "iPhone Developer";
				COPY_PHASE_STRIP = NO;
				DEBUG_INFORMATION_FORMAT = "dwarf-with-dsym";
				ENABLE_NS_ASSERTIONS = NO;
				ENABLE_STRICT_OBJC_MSGSEND = YES;
				GCC_C_LANGUAGE_STANDARD = gnu99;
				GCC_NO_COMMON_BLOCKS = YES;
				GCC_WARN_64_TO_32_BIT_CONVERSION = YES;
				GCC_WARN_ABOUT_RETURN_TYPE = YES_ERROR;
				GCC_WARN_UNDECLARED_SELECTOR = YES;
				GCC_WARN_UNINITIALIZED_AUTOS = YES_AGGRESSIVE;
				GCC_WARN_UNUSED_FUNCTION = YES;
				GCC_WARN_UNUSED_VARIABLE = YES;
				IPHONEOS_DEPLOYMENT_TARGET = 10.3;
				MTL_ENABLE_DEBUG_INFO = NO;
				SDKROOT = iphoneos;
				SWIFT_OPTIMIZATION_LEVEL = "-Owholemodule";
				VALIDATE_PRODUCT = YES;
			};
			name = Release;
		};
		52F439E71F1585A20063DCF2 /* Debug */ = {
			isa = XCBuildConfiguration;
			buildSettings = {
				ASSETCATALOG_COMPILER_APPICON_NAME = AppIcon;
				DEVELOPMENT_TEAM = K97KHP3ZWG;
				INFOPLIST_FILE = PDFJSTest/Info.plist;
				LD_RUNPATH_SEARCH_PATHS = "$(inherited) @executable_path/Frameworks";
				PRODUCT_BUNDLE_IDENTIFIER = com.sunfishempire.PDFJSTest;
				PRODUCT_NAME = "$(TARGET_NAME)";
				SWIFT_VERSION = 3.0;
			};
			name = Debug;
		};
		52F439E81F1585A20063DCF2 /* Release */ = {
			isa = XCBuildConfiguration;
			buildSettings = {
				ASSETCATALOG_COMPILER_APPICON_NAME = AppIcon;
				DEVELOPMENT_TEAM = K97KHP3ZWG;
				INFOPLIST_FILE = PDFJSTest/Info.plist;
				LD_RUNPATH_SEARCH_PATHS = "$(inherited) @executable_path/Frameworks";
				PRODUCT_BUNDLE_IDENTIFIER = com.sunfishempire.PDFJSTest;
				PRODUCT_NAME = "$(TARGET_NAME)";
				SWIFT_VERSION = 3.0;
			};
			name = Release;
		};
/* End XCBuildConfiguration section */

/* Begin XCConfigurationList section */
		52F439CF1F1585A20063DCF2 /* Build configuration list for PBXProject "PDFJSTest" */ = {
			isa = XCConfigurationList;
			buildConfigurations = (
				52F439E41F1585A20063DCF2 /* Debug */,
				52F439E51F1585A20063DCF2 /* Release */,
			);
			defaultConfigurationIsVisible = 0;
			defaultConfigurationName = Release;
		};
		52F439E61F1585A20063DCF2 /* Build configuration list for PBXNativeTarget "PDFJSTest" */ = {
			isa = XCConfigurationList;
			buildConfigurations = (
				52F439E71F1585A20063DCF2 /* Debug */,
				52F439E81F1585A20063DCF2 /* Release */,
			);
			defaultConfigurationIsVisible = 0;
			defaultConfigurationName = Release;
		};
/* End XCConfigurationList section */
	};
	rootObject = 52F439CC1F1585A20063DCF2 /* Project object */;
}
